{
  "requires": true,
  "lockfileVersion": 1,
  "dependencies": {
    "@types/blue-tape": {
      "version": "0.1.31",
      "resolved": "https://registry.npmjs.org/@types/blue-tape/-/blue-tape-0.1.31.tgz",
      "integrity": "sha512-cw/3PC4Bt2elKAiOlENSoJwPMBXNWYuxwOKGgoFg/1epDHO9I5xEYDenfex0Olo4CuN8IozYLYOwAFYuWEn1gA==",
      "dev": true
    },
    "@types/event-kit": {
      "version": "2.4.1",
      "resolved": "https://registry.npmjs.org/@types/event-kit/-/event-kit-2.4.1.tgz",
      "integrity": "sha512-ZwGAHGQSj+ZRmqueYyjfIrXRfwLd5A2Z0mfzpP40M9F+BlbUI0v7qsVVFHcWNTE+rq5TLzHeFhEGwFp1zZBSUQ=="
    },
    "@types/node": {
      "version": "9.6.61",
      "resolved": "https://registry.npmjs.org/@types/node/-/node-9.6.61.tgz",
      "integrity": "sha512-/aKAdg5c8n468cYLy2eQrcR5k6chlbNwZNGUj3TboyPa2hcO2QAJcfymlqPzMiRj8B6nYKXjzQz36minFE0RwQ==",
      "dev": true
    },
    "@types/strip-bom": {
      "version": "3.0.0",
      "resolved": "https://registry.npmjs.org/@types/strip-bom/-/strip-bom-3.0.0.tgz",
      "integrity": "sha512-xevGOReSYGM7g/kUBZzPqCrR/KYAo+F0yiPc85WFTJa0MSLtyFTVTU6cJu/aV4mid7IffDIWqo69THF2o4JiEQ==",
      "dev": true
    },
    "@types/strip-json-comments": {
      "version": "0.0.30",
      "resolved": "https://registry.npmjs.org/@types/strip-json-comments/-/strip-json-comments-0.0.30.tgz",
      "integrity": "sha512-7NQmHra/JILCd1QqpSzl8+mJRc8ZHz3uDm8YV1Ks9IhK0epEiTw8aIErbvH9PI+6XbqhyIQy3462nEsn7UVzjQ==",
      "dev": true
    },
    "arrify": {
      "version": "1.0.1",
      "resolved": "https://registry.npmjs.org/arrify/-/arrify-1.0.1.tgz",
      "integrity": "sha1-iYUI2iIm84DfkEcoRWhJwVAaSw0=",
      "dev": true
    },
    "blue-tape": {
      "version": "1.0.0",
      "resolved": "https://registry.npmjs.org/blue-tape/-/blue-tape-1.0.0.tgz",
      "integrity": "sha1-dYHQTAc5XJXEJrLtbR7bRUp2uSs=",
      "dev": true
    },
    "browser-stdout": {
      "version": "1.3.0",
      "resolved": "https://registry.npmjs.org/browser-stdout/-/browser-stdout-1.3.0.tgz",
      "integrity": "sha512-7Rfk377tpSM9TWBEeHs0FlDZGoAIei2V/4MdZJoFMBFAK6BqLpxAIUepGRHGdPFgGsLb02PXovC4qddyHvQqTg==",
      "dev": true
    },
    "buffer-from": {
      "version": "1.1.2",
      "resolved": "https://registry.npmjs.org/buffer-from/-/buffer-from-1.1.2.tgz",
      "integrity": "sha512-E+XQCRwSbaaiChtv6k6Dwgc+bx+Bs6vuKJHHl5kox/BaKbhiXzqQOwK4cO22yElGp2OCmjwVhT3HmxgyPGnJfQ==",
      "dev": true
    },
    "color-convert": {
      "version": "1.9.3",
      "resolved": "https://registry.npmjs.org/color-convert/-/color-convert-1.9.3.tgz",
      "integrity": "sha512-QfAUtd+vFdAtFQcC8CCyYt1fYWxSqAiK2cSD6zDB8N3cpsEBAvRxp9zOGg6G/SHHJYAT88/az/IuDGALsNVbGg==",
      "dev": true,
      "requires": {
        "color-name": "1.1.3"
      }
    },
    "color-name": {
      "version": "1.1.3",
      "resolved": "https://registry.npmjs.org/color-name/-/color-name-1.1.3.tgz",
      "integrity": "sha512-72fSenhMw2HZMTVHeCA9KCmpEIbzWiQsjN+BHcBbS9vr1mtt+vJjPdksIBNUmKAW8TFUDPJK5SUU3QhE9NEXDw==",
      "dev": true
    },
    "debug": {
      "version": "2.6.8",
      "resolved": "https://registry.npmjs.org/debug/-/debug-2.6.8.tgz",
      "integrity": "sha1-5zFTHKLt4n0YgiJCfaF4IdaP9Pw=",
      "dev": true
    },
    "delegato": {
      "version": "1.0.0",
      "resolved": "https://registry.npmjs.org/delegato/-/delegato-1.0.0.tgz",
      "integrity": "sha1-xzJK2/Mfo9ltH9YL82jF/MomlRA=",
      "dev": true
    },
    "diff": {
      "version": "2.2.3",
      "resolved": "https://registry.npmjs.org/diff/-/diff-2.2.3.tgz",
      "integrity": "sha1-YOr9DSjukG5Oj/ClLBIpUhAzv5k=",
      "dev": true
    },
    "emissary": {
      "version": "1.3.3",
      "resolved": "https://registry.npmjs.org/emissary/-/emissary-1.3.3.tgz",
      "integrity": "sha1-phjZLWgrIy0xER3DYlpd9mF5lgY=",
      "dev": true
    },
    "escape-string-regexp": {
      "version": "1.0.5",
      "resolved": "https://registry.npmjs.org/escape-string-regexp/-/escape-string-regexp-1.0.5.tgz",
      "integrity": "sha1-G2HAViGQqN/2rjuyzwIAyhMLhtQ=",
      "dev": true
    },
    "fs-admin": {
      "version": "0.1.7",
      "resolved": "https://registry.npmjs.org/fs-admin/-/fs-admin-0.1.7.tgz",
      "integrity": "sha512-EQNioqUHgtnX9ErMiPuvHCAx0M1VSa9u4oxGF+EGVYBL15Mg5BxEzGBrTAYHUQDDobqw1Yc+6YqZWwSIIe+EwQ==",
      "dev": true,
      "requires": {
        "mocha": "^3.5.0",
        "nan": "^2.10.0"
      },
      "dependencies": {
        "nan": {
          "version": "2.17.0",
          "resolved": "https://registry.npmjs.org/nan/-/nan-2.17.0.tgz",
          "integrity": "sha512-2ZTgtl0nJsO0KQCjEpxcIr5D+Yv90plTitZt9JBfQvVJDS5seMl3FOvsh3+9CoYWXf/1l5OaZzzF6nDm4cagaQ==",
          "dev": true
        }
      }
    },
    "fs-plus": {
      "version": "3.0.1",
      "resolved": "https://registry.npmjs.org/fs-plus/-/fs-plus-3.0.1.tgz",
      "integrity": "sha1-VMFpxA4ohKZtNSeA0Y3TH5HToQ0=",
      "dev": true
    },
    "fs.realpath": {
      "version": "1.0.0",
      "resolved": "https://registry.npmjs.org/fs.realpath/-/fs.realpath-1.0.0.tgz",
      "integrity": "sha1-FQStJSMVjKpA20onh8sBQRmU6k8=",
      "dev": true
    },
    "graceful-readlink": {
      "version": "1.0.1",
      "resolved": "https://registry.npmjs.org/graceful-readlink/-/graceful-readlink-1.0.1.tgz",
      "integrity": "sha1-TK+tdrxi8C+gObL5Tpo906ORpyU=",
      "dev": true
    },
    "growl": {
      "version": "1.9.2",
      "resolved": "https://registry.npmjs.org/growl/-/growl-1.9.2.tgz",
      "integrity": "sha512-RTBwDHhNuOx4F0hqzItc/siXCasGfC4DeWcBamclWd+6jWtBaeB/SGbMkGf0eiQoW7ib8JpvOgnUsmgMHI3Mfw==",
      "dev": true
    },
    "has-flag": {
      "version": "1.0.0",
      "resolved": "https://registry.npmjs.org/has-flag/-/has-flag-1.0.0.tgz",
      "integrity": "sha512-DyYHfIYwAJmjAjSSPKANxI8bFY9YtFrgkAfinBojQ8YJTOuOuav64tMUJv584SES4xl74PmuaevIyaLESHdTAA==",
      "dev": true
    },
    "he": {
      "version": "1.1.1",
      "resolved": "https://registry.npmjs.org/he/-/he-1.1.1.tgz",
      "integrity": "sha512-z/GDPjlRMNOa2XJiB4em8wJpuuBfrFOlYKTZxtpkdr1uPdibHI8rYA3MY0KDObpVyaes0e/aunid/t88ZI2EKA==",
      "dev": true
    },
    "homedir-polyfill": {
      "version": "1.0.3",
      "resolved": "https://registry.npmjs.org/homedir-polyfill/-/homedir-polyfill-1.0.3.tgz",
      "integrity": "sha512-eSmmWE5bZTK2Nou4g0AI3zZ9rswp7GRKoKXS1BLUkvPviOqs4YTN1djQIqrXy9k5gEtdLPy86JjRwsNM9tnDcA==",
      "dev": true,
      "requires": {
        "parse-passwd": "^1.0.0"
      }
    },
    "iconv-lite": {
      "version": "0.4.18",
      "resolved": "https://registry.npmjs.org/iconv-lite/-/iconv-lite-0.4.18.tgz",
      "integrity": "sha512-sr1ZQph3UwHTR0XftSbK85OvBbxe/abLGzEnPENCQwmHf7sck8Oyu4ob3LgBxWWxRoM+QszeUyl7jbqapu2TqA==",
      "dev": true
    },
    "inflight": {
      "version": "1.0.6",
      "resolved": "https://registry.npmjs.org/inflight/-/inflight-1.0.6.tgz",
      "integrity": "sha1-Sb1jMdfQLQwJvJEKEHW6gWW1bfk=",
      "dev": true
    },
    "inherits": {
      "version": "2.0.3",
      "resolved": "https://registry.npmjs.org/inherits/-/inherits-2.0.3.tgz",
      "integrity": "sha1-Yzwsg+PaQqUC9SRmAiSA9CCCYd4=",
      "dev": true
    },
    "json3": {
      "version": "3.3.2",
      "resolved": "https://registry.npmjs.org/json3/-/json3-3.3.2.tgz",
      "integrity": "sha512-I5YLeauH3rIaE99EE++UeH2M2gSYo8/2TqDac7oZEH6D/DSQ4Woa628Qrfj1X9/OY5Mk5VvIDQaKCDchXaKrmA==",
      "dev": true
    },
    "lodash._baseassign": {
      "version": "3.2.0",
      "resolved": "https://registry.npmjs.org/lodash._baseassign/-/lodash._baseassign-3.2.0.tgz",
      "integrity": "sha512-t3N26QR2IdSN+gqSy9Ds9pBu/J1EAFEshKlUHpJG3rvyJOYgcELIxcIeKKfZk7sjOz11cFfzJRsyFry/JyabJQ==",
      "dev": true,
      "requires": {
        "lodash._basecopy": "^3.0.0",
        "lodash.keys": "^3.0.0"
      }
    },
    "lodash._basecopy": {
      "version": "3.0.1",
      "resolved": "https://registry.npmjs.org/lodash._basecopy/-/lodash._basecopy-3.0.1.tgz",
      "integrity": "sha512-rFR6Vpm4HeCK1WPGvjZSJ+7yik8d8PVUdCJx5rT2pogG4Ve/2ZS7kfmO5l5T2o5V2mqlNIfSF5MZlr1+xOoYQQ==",
      "dev": true
    },
    "lodash._basecreate": {
      "version": "3.0.3",
      "resolved": "https://registry.npmjs.org/lodash._basecreate/-/lodash._basecreate-3.0.3.tgz",
      "integrity": "sha512-EDem6C9iQpn7fxnGdmhXmqYGjCkStmDXT4AeyB2Ph8WKbglg4aJZczNkQglj+zWXcOEEkViK8THuV2JvugW47g==",
      "dev": true
    },
    "lodash._getnative": {
      "version": "3.9.1",
      "resolved": "https://registry.npmjs.org/lodash._getnative/-/lodash._getnative-3.9.1.tgz",
      "integrity": "sha512-RrL9VxMEPyDMHOd9uFbvMe8X55X16/cGM5IgOKgRElQZutpX89iS6vwl64duTV1/16w5JY7tuFNXqoekmh1EmA==",
      "dev": true
    },
    "lodash._isiterateecall": {
      "version": "3.0.9",
      "resolved": "https://registry.npmjs.org/lodash._isiterateecall/-/lodash._isiterateecall-3.0.9.tgz",
      "integrity": "sha512-De+ZbrMu6eThFti/CSzhRvTKMgQToLxbij58LMfM8JnYDNSOjkjTCIaa8ixglOeGh2nyPlakbt5bJWJ7gvpYlQ==",
      "dev": true
    },
    "lodash.create": {
      "version": "3.1.1",
      "resolved": "https://registry.npmjs.org/lodash.create/-/lodash.create-3.1.1.tgz",
      "integrity": "sha512-IUfOYwDEbI8JbhW6psW+Ig01BOVK67dTSCUAbS58M0HBkPcAv/jHuxD+oJVP2tUCo3H9L6f/8GM6rxwY+oc7/w==",
      "dev": true,
      "requires": {
        "lodash._baseassign": "^3.0.0",
        "lodash._basecreate": "^3.0.0",
        "lodash._isiterateecall": "^3.0.0"
      }
    },
    "lodash.isarguments": {
      "version": "3.1.0",
      "resolved": "https://registry.npmjs.org/lodash.isarguments/-/lodash.isarguments-3.1.0.tgz",
      "integrity": "sha512-chi4NHZlZqZD18a0imDHnZPrDeBbTtVN7GXMwuGdRH9qotxAjYs3aVLKc7zNOG9eddR5Ksd8rvFEBc9SsggPpg==",
      "dev": true
    },
    "lodash.isarray": {
      "version": "3.0.4",
      "resolved": "https://registry.npmjs.org/lodash.isarray/-/lodash.isarray-3.0.4.tgz",
      "integrity": "sha512-JwObCrNJuT0Nnbuecmqr5DgtuBppuCvGD9lxjFpAzwnVtdGoDQ1zig+5W8k5/6Gcn0gZ3936HDAlGd28i7sOGQ==",
      "dev": true
    },
    "lodash.keys": {
      "version": "3.1.2",
      "resolved": "https://registry.npmjs.org/lodash.keys/-/lodash.keys-3.1.2.tgz",
      "integrity": "sha512-CuBsapFjcubOGMn3VD+24HOAPxM79tH+V6ivJL3CHYjtrawauDJHUk//Yew9Hvc6e9rbCrURGk8z6PC+8WJBfQ==",
      "dev": true,
      "requires": {
        "lodash._getnative": "^3.0.0",
        "lodash.isarguments": "^3.0.0",
        "lodash.isarray": "^3.0.0"
      }
    },
    "make-error": {
      "version": "1.3.0",
      "resolved": "https://registry.npmjs.org/make-error/-/make-error-1.3.0.tgz",
      "integrity": "sha1-Uq06M5zPEM5itAQLcI/nByRLi5Y=",
      "dev": true
    },
    "minimatch": {
      "version": "3.0.4",
      "resolved": "https://registry.npmjs.org/minimatch/-/minimatch-3.0.4.tgz",
      "integrity": "sha512-yJHVQEhyqPLUTgt9B83PXu6W3rx4MvvHvSUvToogpwoGDOUQ+yDrR0HRot+yOCdCO7u4hX3pWft6kWBBcqh0UA==",
      "dev": true
    },
    "minimist": {
      "version": "1.2.8",
      "resolved": "https://registry.npmjs.org/minimist/-/minimist-1.2.8.tgz",
      "integrity": "sha512-2yyAR8qBkN3YuheJanUpWC5U3bb5osDywNB8RzDVlDwDHbocAJveqqj1u8+SVD7jkWT4yvsHCpWqqWqAxb0zCA==",
      "dev": true
    },
    "mkdirp": {
      "version": "0.5.1",
      "resolved": "https://registry.npmjs.org/mkdirp/-/mkdirp-0.5.1.tgz",
      "integrity": "sha1-MAV0OOrGz3+MR2fzhkjWaX11yQM=",
      "dev": true
    },
    "mocha": {
      "version": "3.5.3",
      "resolved": "https://registry.npmjs.org/mocha/-/mocha-3.5.3.tgz",
      "integrity": "sha512-/6na001MJWEtYxHOV1WLfsmR4YIynkUEhBwzsb+fk2qmQ3iqsi258l/Q2MWHJMImAcNpZ8DEdYAK72NHoIQ9Eg==",
      "dev": true,
      "requires": {
        "browser-stdout": "1.3.0",
        "commander": "2.9.0",
        "debug": "2.6.8",
        "diff": "3.2.0",
        "escape-string-regexp": "1.0.5",
        "glob": "7.1.1",
        "growl": "1.9.2",
        "he": "1.1.1",
        "json3": "3.3.2",
        "lodash.create": "3.1.1",
        "mkdirp": "0.5.1",
        "supports-color": "3.1.2"
      },
      "dependencies": {
        "commander": {
          "version": "2.9.0",
          "resolved": "https://registry.npmjs.org/commander/-/commander-2.9.0.tgz",
          "integrity": "sha512-bmkUukX8wAOjHdN26xj5c4ctEV22TQ7dQYhSmuckKhToXrkUn0iIaolHdIxYYqD55nhpSPA9zPQ1yP57GdXP2A==",
          "dev": true,
          "requires": {
            "graceful-readlink": ">= 1.0.0"
          }
        },
        "diff": {
          "version": "3.2.0",
          "resolved": "https://registry.npmjs.org/diff/-/diff-3.2.0.tgz",
          "integrity": "sha512-597ykPFhtJYaXqPq6fF7Vl1fXTKgPdLOntyxpmdzUOKiYGqK7zcnbplj5088+8qJnWdzXhyeau5iVr8HVo9dgg==",
          "dev": true
        },
        "glob": {
          "version": "7.1.1",
          "resolved": "https://registry.npmjs.org/glob/-/glob-7.1.1.tgz",
          "integrity": "sha512-mRyN/EsN2SyNhKWykF3eEGhDpeNplMWaW18Bmh76tnOqk5TbELAVwFAYOCmKVssOYFrYvvLMguiA+NXO3ZTuVA==",
          "dev": true,
          "requires": {
            "fs.realpath": "^1.0.0",
            "inflight": "^1.0.4",
            "inherits": "2",
            "minimatch": "^3.0.2",
            "once": "^1.3.0",
            "path-is-absolute": "^1.0.0"
          }
        },
        "supports-color": {
          "version": "3.1.2",
          "resolved": "https://registry.npmjs.org/supports-color/-/supports-color-3.1.2.tgz",
          "integrity": "sha512-F8dvPrZJtNzvDRX26eNXT4a7AecAvTGljmmnI39xEgSpbHKhQ7N0dO/NTxUExd0wuLHp4zbwYY7lvHq0aKpwrA==",
          "dev": true,
          "requires": {
            "has-flag": "^1.0.0"
          }
        }
      }
    },
    "nan": {
      "version": "2.6.2",
      "resolved": "https://registry.npmjs.org/nan/-/nan-2.6.2.tgz",
      "integrity": "sha1-5P805slf37WuzAjeZZb0NgWn20U=",
      "dev": true
    },
    "once": {
      "version": "1.4.0",
      "resolved": "https://registry.npmjs.org/once/-/once-1.4.0.tgz",
      "integrity": "sha1-WDsap3WWHUsROsF9nFC6753Xa9E=",
      "dev": true
    },
    "onchange": {
      "version": "3.2.1",
      "resolved": "https://registry.npmjs.org/onchange/-/onchange-3.2.1.tgz",
      "integrity": "sha1-dmkxLIqPlNgLRZXcir5dEZVZ9+A=",
      "dev": true
    },
    "parse-passwd": {
      "version": "1.0.0",
      "resolved": "https://registry.npmjs.org/parse-passwd/-/parse-passwd-1.0.0.tgz",
      "integrity": "sha512-1Y1A//QUXEZK7YKz+rD9WydcE1+EuPr6ZBgKecAB8tmoW6UFv0NREVJe1p+jRxtThkcbbKkfwIbWJe/IeE6m2Q==",
      "dev": true
    },
    "path-is-absolute": {
      "version": "1.0.1",
      "resolved": "https://registry.npmjs.org/path-is-absolute/-/path-is-absolute-1.0.1.tgz",
      "integrity": "sha1-F0uSaHNVNP+8es5r9TpanhtcX18=",
      "dev": true
    },
    "serializable": {
      "version": "1.0.3",
      "resolved": "https://registry.npmjs.org/serializable/-/serializable-1.0.3.tgz",
      "integrity": "sha1-ClqLa3d3yyRUTfEab4iabSs+EYk=",
      "dev": true
    },
    "strip-bom": {
      "version": "3.0.0",
      "resolved": "https://registry.npmjs.org/strip-bom/-/strip-bom-3.0.0.tgz",
      "integrity": "sha1-IzTBjpx1n3vdVv3vfprj1YjmjtM=",
      "dev": true
    },
    "strip-json-comments": {
      "version": "2.0.1",
      "resolved": "https://registry.npmjs.org/strip-json-comments/-/strip-json-comments-2.0.1.tgz",
      "integrity": "sha1-PFMZQukIwml8DsNEhYwobHygpgo=",
      "dev": true
    },
    "tap-spec": {
      "version": "4.1.1",
      "resolved": "https://registry.npmjs.org/tap-spec/-/tap-spec-4.1.1.tgz",
      "integrity": "sha1-4unyb1IIIysfViKIyXYk1YqI8Fo=",
      "dev": true
    },
    "text-buffer": {
      "version": "13.11.3",
      "resolved": "https://registry.npmjs.org/text-buffer/-/text-buffer-13.11.3.tgz",
      "integrity": "sha512-ILm7NW1r/0Soz2ib2CWwT+3VAWaJw9q0hZlb7zoOLeHqBrAZFJydW27nzF6iTNW1ZOSrpdXIPCeqsWxP8n/uiA==",
      "dev": true,
      "requires": {
        "delegato": "^1.0.0",
        "diff": "^2.2.1",
        "emissary": "^1.0.0",
        "event-kit": "^2.4.0",
        "fs-admin": "^0.1.4",
        "fs-plus": "^3.0.0",
        "grim": "^2.0.2",
        "mkdirp": "^0.5.1",
        "pathwatcher": "8.0.1",
        "serializable": "^1.0.3",
        "superstring": "^2.2.13",
        "underscore-plus": "^1.0.0"
      },
      "dependencies": {
        "async": {
          "version": "0.2.10",
          "resolved": "https://registry.npmjs.org/async/-/async-0.2.10.tgz",
          "integrity": "sha512-eAkdoKxU6/LkKDBzLpT+t6Ff5EtfSF4wx1WfJiPEEV7WNLnDaRXk0oVysiEPm262roaachGexwUv94WhSgN5TQ==",
          "dev": true
        },
        "event-kit": {
          "version": "2.5.3",
          "resolved": "https://registry.npmjs.org/event-kit/-/event-kit-2.5.3.tgz",
          "integrity": "sha512-b7Qi1JNzY4BfAYfnIRanLk0DOD1gdkWHT4GISIn8Q2tAf3LpU8SP2CMwWaq40imYoKWbtN4ZhbSRxvsnikooZQ==",
          "dev": true
        },
        "grim": {
          "version": "2.0.3",
          "resolved": "https://registry.npmjs.org/grim/-/grim-2.0.3.tgz",
          "integrity": "sha512-FM20Ump11qYLK9k9DbL8yzVpy+YBieya1JG15OeH8s+KbHq8kL4SdwRtURwIUHniSxb24EoBUpwKfFjGNVi4/Q==",
          "dev": true,
          "requires": {
            "event-kit": "^2.0.0"
          }
        },
        "pathwatcher": {
          "version": "8.0.1",
          "resolved": "https://registry.npmjs.org/pathwatcher/-/pathwatcher-8.0.1.tgz",
          "integrity": "sha512-NN+P7PRWdT8Zd1FwGOX/eLFD8tNuFBdDW/ysL5ufi9BFqAgOfQrV0pMMY/oRDFOZEUR4Y8RudXpLuPjE9b2pmQ==",
          "dev": true,
          "requires": {
            "async": "~0.2.10",
            "emissary": "^1.3.2",
            "event-kit": "^2.1.0",
            "fs-plus": "^3.0.0",
            "grim": "^2.0.1",
            "iconv-lite": "~0.4.4",
            "nan": "2.x",
            "underscore-plus": "~1.x"
          }
        },
        "superstring": {
          "version": "2.4.4",
          "resolved": "https://registry.npmjs.org/superstring/-/superstring-2.4.4.tgz",
          "integrity": "sha512-41LWIGzy6tkUM6jUwbXTeGOLui3gGBxgV6m8gIWRzv1WdW0HV6oANHdGanRrM04mwFXXExII9OQ/XxaqU+Ft9w==",
          "dev": true,
          "requires": {
            "nan": "^2.14.2"
          },
          "dependencies": {
            "nan": {
              "version": "2.17.0",
              "resolved": "https://registry.npmjs.org/nan/-/nan-2.17.0.tgz",
              "integrity": "sha512-2ZTgtl0nJsO0KQCjEpxcIr5D+Yv90plTitZt9JBfQvVJDS5seMl3FOvsh3+9CoYWXf/1l5OaZzzF6nDm4cagaQ==",
              "dev": true
            }
          }
        }
      }
    },
    "ts-node": {
      "version": "4.1.0",
      "resolved": "https://registry.npmjs.org/ts-node/-/ts-node-4.1.0.tgz",
      "integrity": "sha512-xcZH12oVg9PShKhy3UHyDmuDLV3y7iKwX25aMVPt1SIXSuAfWkFiGPEkg+th8R4YKW/QCxDoW7lJdb15lx6QWg==",
      "dev": true,
      "requires": {
        "arrify": "^1.0.0",
        "chalk": "^2.3.0",
        "diff": "^3.1.0",
        "make-error": "^1.1.1",
        "minimist": "^1.2.0",
        "mkdirp": "^0.5.1",
        "source-map-support": "^0.5.0",
        "tsconfig": "^7.0.0",
        "v8flags": "^3.0.0",
        "yn": "^2.0.0"
      },
      "dependencies": {
        "ansi-styles": {
          "version": "3.2.1",
          "resolved": "https://registry.npmjs.org/ansi-styles/-/ansi-styles-3.2.1.tgz",
          "integrity": "sha512-VT0ZI6kZRdTh8YyJw3SMbYm/u+NqfsAxEpWO0Pf9sq8/e94WxxOpPKx9FR1FlyCtOVDNOQ+8ntlqFxiRc+r5qA==",
          "dev": true,
          "requires": {
            "color-convert": "^1.9.0"
          }
        },
        "chalk": {
          "version": "2.4.2",
          "resolved": "https://registry.npmjs.org/chalk/-/chalk-2.4.2.tgz",
          "integrity": "sha512-Mti+f9lpJNcwF4tWV8/OrTTtF1gZi+f8FqlyAdouralcFWFQWF2+NgCHShjkCb+IFBLq9buZwE1xckQU4peSuQ==",
          "dev": true,
          "requires": {
            "ansi-styles": "^3.2.1",
            "escape-string-regexp": "^1.0.5",
            "supports-color": "^5.3.0"
          }
        },
        "diff": {
          "version": "3.5.0",
          "resolved": "https://registry.npmjs.org/diff/-/diff-3.5.0.tgz",
          "integrity": "sha512-A46qtFgd+g7pDZinpnwiRJtxbC1hpgf0uzP3iG89scHk0AUC7A1TGxf5OiiOUv/JMZR8GOt8hL900hV0bOy5xA==",
          "dev": true
        },
        "has-flag": {
          "version": "3.0.0",
          "resolved": "https://registry.npmjs.org/has-flag/-/has-flag-3.0.0.tgz",
          "integrity": "sha512-sKJf1+ceQBr4SMkvQnBDNDtf4TXpVhVGateu0t918bl30FnbE2m4vNLX+VWe/dpjlb+HugGYzW7uQXH98HPEYw==",
          "dev": true
        },
        "source-map": {
          "version": "0.6.1",
          "resolved": "https://registry.npmjs.org/source-map/-/source-map-0.6.1.tgz",
          "integrity": "sha512-UjgapumWlbMhkBgzT7Ykc5YXUT46F0iKu8SGXq0bcwP5dz/h0Plj6enJqjz1Zbq2l5WaqYnrVbwWOWMyF3F47g==",
          "dev": true
        },
        "source-map-support": {
          "version": "0.5.21",
          "resolved": "https://registry.npmjs.org/source-map-support/-/source-map-support-0.5.21.tgz",
          "integrity": "sha512-uBHU3L3czsIyYXKX88fdrGovxdSCoTGDRZ6SYXtSRxLZUzHg5P/66Ht6uoUlHu9EZod+inXhKo3qQgwXUT/y1w==",
          "dev": true,
          "requires": {
            "buffer-from": "^1.0.0",
            "source-map": "^0.6.0"
          }
        },
        "supports-color": {
          "version": "5.5.0",
          "resolved": "https://registry.npmjs.org/supports-color/-/supports-color-5.5.0.tgz",
          "integrity": "sha512-QjVjwdXIt408MIiAqCX4oUKsgU2EqAGzs2Ppkm4aQYbjm+ZEWEcW4SfFNTr4uMNZma0ey4f5lgLrkB0aX0QMow==",
          "dev": true,
          "requires": {
            "has-flag": "^3.0.0"
          }
        },
        "tsconfig": {
          "version": "7.0.0",
          "resolved": "https://registry.npmjs.org/tsconfig/-/tsconfig-7.0.0.tgz",
          "integrity": "sha512-vZXmzPrL+EmC4T/4rVlT2jNVMWCi/O4DIiSj3UHg1OE5kCKbk4mfrXc6dZksLgRM/TZlKnousKH9bbTazUWRRw==",
          "dev": true,
          "requires": {
            "@types/strip-bom": "^3.0.0",
            "@types/strip-json-comments": "0.0.30",
            "strip-bom": "^3.0.0",
            "strip-json-comments": "^2.0.0"
          }
        },
        "v8flags": {
          "version": "3.2.0",
          "resolved": "https://registry.npmjs.org/v8flags/-/v8flags-3.2.0.tgz",
          "integrity": "sha512-mH8etigqMfiGWdeXpaaqGfs6BndypxusHHcv2qSHyZkGEznCd/qAXCWWRzeowtL54147cktFOC4P5y+kl8d8Jg==",
          "dev": true,
          "requires": {
            "homedir-polyfill": "^1.0.1"
          }
        }
      }
    },
    "tslint": {
      "version": "5.4.3",
      "resolved": "https://registry.npmjs.org/tslint/-/tslint-5.4.3.tgz",
      "integrity": "sha1-dhyEArgONHt3M6BDkKdXslNYBGc=",
      "dev": true,
      "dependencies": {
        "diff": {
          "version": "3.2.0",
          "resolved": "https://registry.npmjs.org/diff/-/diff-3.2.0.tgz",
          "integrity": "sha1-yc45Okt8vQsFinJck98pkCeGj/k="
        }
      }
    },
    "tslint-config-typings": {
      "version": "0.3.1",
      "resolved": "https://registry.npmjs.org/tslint-config-typings/-/tslint-config-typings-0.3.1.tgz",
      "integrity": "sha1-4JW1scqx2so4A1gna4ZhKRRfvqQ=",
      "dev": true
    },
    "typings": {
      "version": "2.1.1",
      "resolved": "https://registry.npmjs.org/typings/-/typings-2.1.1.tgz",
      "integrity": "sha1-usxp0lWXCkeOCfdsf2iZddU1p4o=",
      "dev": true,
      "dependencies": {
        "wordwrap": {
          "version": "1.0.0",
          "resolved": "https://registry.npmjs.org/wordwrap/-/wordwrap-1.0.0.tgz",
          "integrity": "sha1-J1hIEIkUVqQXHI0CJkQa3pDLyus="
        }
      }
    },
    "underscore-plus": {
      "version": "1.6.6",
      "resolved": "https://registry.npmjs.org/underscore-plus/-/underscore-plus-1.6.6.tgz",
      "integrity": "sha1-ZezeG9xEGjXYnmUP1w3PE65Dmn0=",
      "dev": true
    },
    "yn": {
      "version": "2.0.0",
      "resolved": "https://registry.npmjs.org/yn/-/yn-2.0.0.tgz",
      "integrity": "sha1-5a2ryKz0CPY4X8dklWhMiOavaJo=",
      "dev": true
    }
  }
}
